
Microsoft Visual Studio Solution File, Format Version 9.00
# Visual Studio 2005
Project("{8BC9CEB8-8B4A-11D0-8D11-00A0C91BC942}") = "YUVToolkit", "YUVToolkit\YUVToolkit.vcproj", "{0FD21E9B-A7A3-4915-B382-13C8670D74D1}"
EndProject
Project("{2150E333-8FDC-42A3-9474-1A3956D46DE8}") = "Plugins", "Plugins", "{158B7D24-7D52-4F9B-B90A-DD728DA91A70}"
EndProject
Global
	GlobalSection(SolutionConfigurationPlatforms) = preSolution
		Debug|Win32 = Debug|Win32
		Release|Win32 = Release|Win32
	EndGlobalSection
	GlobalSection(ProjectConfigurationPlatforms) = postSolution
		{0FD21E9B-A7A3-4915-B382-13C8670D74D1}.Debug|Win32.ActiveCfg = Debug|Win32
		{0FD21E9B-A7A3-4915-B382-13C8670D74D1}.Debug|Win32.Build.0 = Debug|Win32
		{0FD21E9B-A7A3-4915-B382-13C8670D74D1}.Release|Win32.ActiveCfg = Release|Win32
		{0FD21E9B-A7A3-4915-B382-13C8670D74D1}.Release|Win32.Build.0 = Release|Win32
	EndGlobalSection
	GlobalSection(SolutionProperties) = preSolution
		HideSolutionNode = FALSE
	EndGlobalSection
EndGlobal
