
Microsoft Visual Studio Solution File, Format Version 9.00
# Visual Studio 2005
Project("{8BC9CEB8-8B4A-11D0-8D11-00A0C91BC942}") = "YUVToolkit", "YUVToolkit\YUVToolkit.vcproj", "{0FD21E9B-A7A3-4915-B382-13C8670D74D1}"
EndProject
Project("{2150E333-8FDC-42A3-9474-1A3956D46DE8}") = "Plugins", "Plugins", "{158B7D24-7D52-4F9B-B90A-DD728DA91A70}"
EndProject
Project("{8BC9CEB8-8B4A-11D0-8D11-00A0C91BC942}") = "YT_TransformsBasic", "Plugins\YT_TransformsBasic\YT_TransformsBasic.vcproj", "{2A9B4030-3BD0-4E32-8960-3B1620DCD969}"
EndProject
Project("{8BC9CEB8-8B4A-11D0-8D11-00A0C91BC942}") = "YTR_D3D", "Plugins\YTR_D3D\YTR_D3D.vcproj", "{8AA74F6C-8C5E-4061-88B7-C139AA3EEE7E}"
EndProject
Project("{8BC9CEB8-8B4A-11D0-8D11-00A0C91BC942}") = "YTS_Raw", "Plugins\YTS_Raw\YTS_Raw.vcproj", "{DEEBDD9E-4920-482A-B97B-57118CC2420F}"
EndProject
Global
	GlobalSection(SolutionConfigurationPlatforms) = preSolution
		Debug|Win32 = Debug|Win32
		Release|Win32 = Release|Win32
	EndGlobalSection
	GlobalSection(ProjectConfigurationPlatforms) = postSolution
		{0FD21E9B-A7A3-4915-B382-13C8670D74D1}.Debug|Win32.ActiveCfg = Debug|Win32
		{0FD21E9B-A7A3-4915-B382-13C8670D74D1}.Debug|Win32.Build.0 = Debug|Win32
		{0FD21E9B-A7A3-4915-B382-13C8670D74D1}.Release|Win32.ActiveCfg = Release|Win32
		{0FD21E9B-A7A3-4915-B382-13C8670D74D1}.Release|Win32.Build.0 = Release|Win32
		{2A9B4030-3BD0-4E32-8960-3B1620DCD969}.Debug|Win32.ActiveCfg = Debug|Win32
		{2A9B4030-3BD0-4E32-8960-3B1620DCD969}.Debug|Win32.Build.0 = Debug|Win32
		{2A9B4030-3BD0-4E32-8960-3B1620DCD969}.Release|Win32.ActiveCfg = Release|Win32
		{2A9B4030-3BD0-4E32-8960-3B1620DCD969}.Release|Win32.Build.0 = Release|Win32
		{8AA74F6C-8C5E-4061-88B7-C139AA3EEE7E}.Debug|Win32.ActiveCfg = Debug|Win32
		{8AA74F6C-8C5E-4061-88B7-C139AA3EEE7E}.Debug|Win32.Build.0 = Debug|Win32
		{8AA74F6C-8C5E-4061-88B7-C139AA3EEE7E}.Release|Win32.ActiveCfg = Release|Win32
		{8AA74F6C-8C5E-4061-88B7-C139AA3EEE7E}.Release|Win32.Build.0 = Release|Win32
		{DEEBDD9E-4920-482A-B97B-57118CC2420F}.Debug|Win32.ActiveCfg = Debug|Win32
		{DEEBDD9E-4920-482A-B97B-57118CC2420F}.Debug|Win32.Build.0 = Debug|Win32
		{DEEBDD9E-4920-482A-B97B-57118CC2420F}.Release|Win32.ActiveCfg = Release|Win32
		{DEEBDD9E-4920-482A-B97B-57118CC2420F}.Release|Win32.Build.0 = Release|Win32
	EndGlobalSection
	GlobalSection(SolutionProperties) = preSolution
		HideSolutionNode = FALSE
	EndGlobalSection
	GlobalSection(NestedProjects) = preSolution
		{2A9B4030-3BD0-4E32-8960-3B1620DCD969} = {158B7D24-7D52-4F9B-B90A-DD728DA91A70}
		{8AA74F6C-8C5E-4061-88B7-C139AA3EEE7E} = {158B7D24-7D52-4F9B-B90A-DD728DA91A70}
		{DEEBDD9E-4920-482A-B97B-57118CC2420F} = {158B7D24-7D52-4F9B-B90A-DD728DA91A70}
	EndGlobalSection
EndGlobal
